
Microsoft Visual Studio Solution File, Format Version 12.00
# Visual Studio Version 16
VisualStudioVersion = 16.0.29709.97
MinimumVisualStudioVersion = 10.0.40219.1
Project("{FAE04EC0-301F-11D3-BF4B-00C04F79EFBC}") = "GZipArchiver.App", "GZipArchiver.App\GZipArchiver.App.csproj", "{010D2126-99B4-48B0-9DFC-1DE3998CF2F1}"
EndProject
Project("{FAE04EC0-301F-11D3-BF4B-00C04F79EFBC}") = "GZipArchiver.Lib", "GZipArchiver.Lib\GZipArchiver.Lib.csproj", "{981BDACF-C076-480E-BA42-FB45E0A5ECAA}"
EndProject
Project("{FAE04EC0-301F-11D3-BF4B-00C04F79EFBC}") = "GZipArchiver.Lib.Tests", "GZipArchiver.Lib.Tests\GZipArchiver.Lib.Tests.csproj", "{4A2486F9-8F7C-4151-AF8A-B97944F66ECA}"
EndProject
Global
	GlobalSection(SolutionConfigurationPlatforms) = preSolution
		Debug|Any CPU = Debug|Any CPU
		Release|Any CPU = Release|Any CPU
	EndGlobalSection
	GlobalSection(ProjectConfigurationPlatforms) = postSolution
		{010D2126-99B4-48B0-9DFC-1DE3998CF2F1}.Debug|Any CPU.ActiveCfg = Debug|Any CPU
		{010D2126-99B4-48B0-9DFC-1DE3998CF2F1}.Debug|Any CPU.Build.0 = Debug|Any CPU
		{010D2126-99B4-48B0-9DFC-1DE3998CF2F1}.Release|Any CPU.ActiveCfg = Release|Any CPU
		{010D2126-99B4-48B0-9DFC-1DE3998CF2F1}.Release|Any CPU.Build.0 = Release|Any CPU
		{981BDACF-C076-480E-BA42-FB45E0A5ECAA}.Debug|Any CPU.ActiveCfg = Debug|Any CPU
		{981BDACF-C076-480E-BA42-FB45E0A5ECAA}.Debug|Any CPU.Build.0 = Debug|Any CPU
		{981BDACF-C076-480E-BA42-FB45E0A5ECAA}.Release|Any CPU.ActiveCfg = Release|Any CPU
		{981BDACF-C076-480E-BA42-FB45E0A5ECAA}.Release|Any CPU.Build.0 = Release|Any CPU
		{4A2486F9-8F7C-4151-AF8A-B97944F66ECA}.Debug|Any CPU.ActiveCfg = Debug|Any CPU
		{4A2486F9-8F7C-4151-AF8A-B97944F66ECA}.Debug|Any CPU.Build.0 = Debug|Any CPU
		{4A2486F9-8F7C-4151-AF8A-B97944F66ECA}.Release|Any CPU.ActiveCfg = Release|Any CPU
		{4A2486F9-8F7C-4151-AF8A-B97944F66ECA}.Release|Any CPU.Build.0 = Release|Any CPU
	EndGlobalSection
	GlobalSection(SolutionProperties) = preSolution
		HideSolutionNode = FALSE
	EndGlobalSection
	GlobalSection(ExtensibilityGlobals) = postSolution
		SolutionGuid = {98BD236B-6427-4ED0-887C-669A2C0BE5AC}
	EndGlobalSection
EndGlobal
